
Microsoft Visual Studio Solution File, Format Version 12.00
# Visual Studio Version 17
VisualStudioVersion = 17.14.36603.0 d17.14
MinimumVisualStudioVersion = 10.0.40219.1
Project("{FAE04EC0-301F-11D3-BF4B-00C04F79EFBC}") = "BankAccount.tests", "BankAccount.tests\BankAccount.tests.csproj", "{22638BF5-963F-44A8-BF99-08921FA1F9A5}"
EndProject
Global
	GlobalSection(SolutionConfigurationPlatforms) = preSolution
		Debug|Any CPU = Debug|Any CPU
		Release|Any CPU = Release|Any CPU
	EndGlobalSection
	GlobalSection(ProjectConfigurationPlatforms) = postSolution
		{22638BF5-963F-44A8-BF99-08921FA1F9A5}.Debug|Any CPU.ActiveCfg = Debug|Any CPU
		{22638BF5-963F-44A8-BF99-08921FA1F9A5}.Debug|Any CPU.Build.0 = Debug|Any CPU
		{22638BF5-963F-44A8-BF99-08921FA1F9A5}.Release|Any CPU.ActiveCfg = Release|Any CPU
		{22638BF5-963F-44A8-BF99-08921FA1F9A5}.Release|Any CPU.Build.0 = Release|Any CPU
	EndGlobalSection
	GlobalSection(SolutionProperties) = preSolution
		HideSolutionNode = FALSE
	EndGlobalSection
	GlobalSection(ExtensibilityGlobals) = postSolution
		SolutionGuid = {18A16E3B-7C08-4230-BDE9-D137BB9E2F90}
	EndGlobalSection
EndGlobal
